
Microsoft Visual Studio Solution File, Format Version 12.00
# Visual Studio Version 16
VisualStudioVersion = 16.0.30413.136
MinimumVisualStudioVersion = 10.0.40219.1
Project("{9092AA53-FB77-4645-B42D-1CCCA6BD08BD}") = "mySnakeio", "mySnakeio.njsproj", "{E4E97CDA-5414-4089-9E98-337F7BE18F0D}"
EndProject
Global
	GlobalSection(SolutionConfigurationPlatforms) = preSolution
		Debug|Any CPU = Debug|Any CPU
		Release|Any CPU = Release|Any CPU
	EndGlobalSection
	GlobalSection(ProjectConfigurationPlatforms) = postSolution
		{E4E97CDA-5414-4089-9E98-337F7BE18F0D}.Debug|Any CPU.ActiveCfg = Debug|Any CPU
		{E4E97CDA-5414-4089-9E98-337F7BE18F0D}.Debug|Any CPU.Build.0 = Debug|Any CPU
		{E4E97CDA-5414-4089-9E98-337F7BE18F0D}.Release|Any CPU.ActiveCfg = Release|Any CPU
		{E4E97CDA-5414-4089-9E98-337F7BE18F0D}.Release|Any CPU.Build.0 = Release|Any CPU
	EndGlobalSection
	GlobalSection(SolutionProperties) = preSolution
		HideSolutionNode = FALSE
	EndGlobalSection
	GlobalSection(ExtensibilityGlobals) = postSolution
		SolutionGuid = {8409A08D-A91B-4808-8F7B-EF70327E1A9F}
	EndGlobalSection
EndGlobal
